
Microsoft Visual Studio Solution File, Format Version 12.00
# Visual Studio Version 17
VisualStudioVersion = 17.11.35222.181
MinimumVisualStudioVersion = 10.0.40219.1
Project("{FAE04EC0-301F-11D3-BF4B-00C04F79EFBC}") = "PasswordManagerAPI", "PasswordManagerAPI\PasswordManagerAPI.csproj", "{3EF655C5-58CB-4342-A339-24E780DEA213}"
EndProject
Global
	GlobalSection(SolutionConfigurationPlatforms) = preSolution
		Debug|Any CPU = Debug|Any CPU
		Release|Any CPU = Release|Any CPU
	EndGlobalSection
	GlobalSection(ProjectConfigurationPlatforms) = postSolution
		{3EF655C5-58CB-4342-A339-24E780DEA213}.Debug|Any CPU.ActiveCfg = Debug|Any CPU
		{3EF655C5-58CB-4342-A339-24E780DEA213}.Debug|Any CPU.Build.0 = Debug|Any CPU
		{3EF655C5-58CB-4342-A339-24E780DEA213}.Release|Any CPU.ActiveCfg = Release|Any CPU
		{3EF655C5-58CB-4342-A339-24E780DEA213}.Release|Any CPU.Build.0 = Release|Any CPU
	EndGlobalSection
	GlobalSection(SolutionProperties) = preSolution
		HideSolutionNode = FALSE
	EndGlobalSection
	GlobalSection(ExtensibilityGlobals) = postSolution
		SolutionGuid = {3CCBB827-4338-4A1B-BED3-696373B496A5}
	EndGlobalSection
EndGlobal
